
Microsoft Visual Studio Solution File, Format Version 12.00
# Visual Studio 2012
Project("{FAE04EC0-301F-11D3-BF4B-00C04F79EFBC}") = "JobzzService.WEB", "JobzzService\JobzzService.WEB.csproj", "{62E0D963-CC13-4E1F-81BF-4B8BA2A32DD6}"
EndProject
Project("{FAE04EC0-301F-11D3-BF4B-00C04F79EFBC}") = "JobzzService.Domain", "JobzzService.Domain\JobzzService.Domain.csproj", "{6883BE48-B5A9-4A8E-8B79-D3ADC2B70948}"
EndProject
Project("{FAE04EC0-301F-11D3-BF4B-00C04F79EFBC}") = "Jobzz.DAL", "Jobzz.DAL\Jobzz.DAL.csproj", "{58DBD25B-C1DF-4B4A-B017-5F6A1D071CE2}"
EndProject
Global
	GlobalSection(SolutionConfigurationPlatforms) = preSolution
		Debug|Any CPU = Debug|Any CPU
		Release|Any CPU = Release|Any CPU
	EndGlobalSection
	GlobalSection(ProjectConfigurationPlatforms) = postSolution
		{62E0D963-CC13-4E1F-81BF-4B8BA2A32DD6}.Debug|Any CPU.ActiveCfg = Debug|Any CPU
		{62E0D963-CC13-4E1F-81BF-4B8BA2A32DD6}.Debug|Any CPU.Build.0 = Debug|Any CPU
		{62E0D963-CC13-4E1F-81BF-4B8BA2A32DD6}.Release|Any CPU.ActiveCfg = Release|Any CPU
		{62E0D963-CC13-4E1F-81BF-4B8BA2A32DD6}.Release|Any CPU.Build.0 = Release|Any CPU
		{6883BE48-B5A9-4A8E-8B79-D3ADC2B70948}.Debug|Any CPU.ActiveCfg = Debug|Any CPU
		{6883BE48-B5A9-4A8E-8B79-D3ADC2B70948}.Debug|Any CPU.Build.0 = Debug|Any CPU
		{6883BE48-B5A9-4A8E-8B79-D3ADC2B70948}.Release|Any CPU.ActiveCfg = Release|Any CPU
		{6883BE48-B5A9-4A8E-8B79-D3ADC2B70948}.Release|Any CPU.Build.0 = Release|Any CPU
		{58DBD25B-C1DF-4B4A-B017-5F6A1D071CE2}.Debug|Any CPU.ActiveCfg = Debug|Any CPU
		{58DBD25B-C1DF-4B4A-B017-5F6A1D071CE2}.Debug|Any CPU.Build.0 = Debug|Any CPU
		{58DBD25B-C1DF-4B4A-B017-5F6A1D071CE2}.Release|Any CPU.ActiveCfg = Release|Any CPU
		{58DBD25B-C1DF-4B4A-B017-5F6A1D071CE2}.Release|Any CPU.Build.0 = Release|Any CPU
	EndGlobalSection
	GlobalSection(SolutionProperties) = preSolution
		HideSolutionNode = FALSE
	EndGlobalSection
EndGlobal
